
Microsoft Visual Studio Solution File, Format Version 12.00
# Visual Studio Version 17
VisualStudioVersion = 17.6.33829.357
MinimumVisualStudioVersion = 10.0.40219.1
Project("{9A19103F-16F7-4668-BE54-9A1E7A4F7556}") = "researcher-aiplugin", "aiplugin\researcher-aiplugin.csproj", "{FF941081-5393-449B-B488-B645A6E944F7}"
EndProject
Project("{9A19103F-16F7-4668-BE54-9A1E7A4F7556}") = "researcher-app", "app\researcher-app.csproj", "{787E818E-B9DF-47B6-8D6B-2FBD2BDAE493}"
EndProject
Project("{FAE04EC0-301F-11D3-BF4B-00C04F79EFBC}") = "researcher.common", "sk-researcher.common\researcher.common.csproj", "{66C4D1D2-7877-41FC-A4A8-58C34D47F30B}"
EndProject
Global
	GlobalSection(SolutionConfigurationPlatforms) = preSolution
		Debug|Any CPU = Debug|Any CPU
		Release|Any CPU = Release|Any CPU
	EndGlobalSection
	GlobalSection(ProjectConfigurationPlatforms) = postSolution
		{FF941081-5393-449B-B488-B645A6E944F7}.Debug|Any CPU.ActiveCfg = Debug|Any CPU
		{FF941081-5393-449B-B488-B645A6E944F7}.Debug|Any CPU.Build.0 = Debug|Any CPU
		{FF941081-5393-449B-B488-B645A6E944F7}.Release|Any CPU.ActiveCfg = Release|Any CPU
		{FF941081-5393-449B-B488-B645A6E944F7}.Release|Any CPU.Build.0 = Release|Any CPU
		{787E818E-B9DF-47B6-8D6B-2FBD2BDAE493}.Debug|Any CPU.ActiveCfg = Debug|Any CPU
		{787E818E-B9DF-47B6-8D6B-2FBD2BDAE493}.Debug|Any CPU.Build.0 = Debug|Any CPU
		{787E818E-B9DF-47B6-8D6B-2FBD2BDAE493}.Release|Any CPU.ActiveCfg = Release|Any CPU
		{787E818E-B9DF-47B6-8D6B-2FBD2BDAE493}.Release|Any CPU.Build.0 = Release|Any CPU
		{66C4D1D2-7877-41FC-A4A8-58C34D47F30B}.Debug|Any CPU.ActiveCfg = Debug|Any CPU
		{66C4D1D2-7877-41FC-A4A8-58C34D47F30B}.Debug|Any CPU.Build.0 = Debug|Any CPU
		{66C4D1D2-7877-41FC-A4A8-58C34D47F30B}.Release|Any CPU.ActiveCfg = Release|Any CPU
		{66C4D1D2-7877-41FC-A4A8-58C34D47F30B}.Release|Any CPU.Build.0 = Release|Any CPU
	EndGlobalSection
	GlobalSection(SolutionProperties) = preSolution
		HideSolutionNode = FALSE
	EndGlobalSection
	GlobalSection(ExtensibilityGlobals) = postSolution
		SolutionGuid = {21E07C19-2F4A-4930-985F-8161B18A5E91}
	EndGlobalSection
EndGlobal
